
Microsoft Visual Studio Solution File, Format Version 11.00
# Visual Studio 2010
Project("{FAE04EC0-301F-11D3-BF4B-00C04F79EFBC}") = "Assembly-CSharp", "Assembly-CSharp.csproj", "{FC96105E-B0A9-6B79-E5C1-D4414C4AFBE7}"
EndProject
Global
	GlobalSection(SolutionConfigurationPlatforms) = preSolution
		Debug|Any CPU = Debug|Any CPU
		Release|Any CPU = Release|Any CPU
	EndGlobalSection
	GlobalSection(ProjectConfigurationPlatforms) = postSolution
		{FC96105E-B0A9-6B79-E5C1-D4414C4AFBE7}.Debug|Any CPU.ActiveCfg = Debug|Any CPU
		{FC96105E-B0A9-6B79-E5C1-D4414C4AFBE7}.Debug|Any CPU.Build.0 = Debug|Any CPU
		{FC96105E-B0A9-6B79-E5C1-D4414C4AFBE7}.Release|Any CPU.ActiveCfg = Release|Any CPU
		{FC96105E-B0A9-6B79-E5C1-D4414C4AFBE7}.Release|Any CPU.Build.0 = Release|Any CPU
	EndGlobalSection
	GlobalSection(SolutionProperties) = preSolution
		HideSolutionNode = FALSE
	EndGlobalSection
EndGlobal
